PODS:
  - Flutter (1.0.0)
  - flutter_forbidshot (0.0.1):
    - Flutter
  - flutter_tencentplayer (0.0.1):
    - Flutter
    - TXLiteAVSDK_Player (= 6.8.7969)
  - path_provider (0.0.1):
    - Flutter
  - screen (0.0.1):
    - Flutter
  - TXLiteAVSDK_Player (6.8.7969)

DEPENDENCIES:
  - Flutter (from `.symlinks/flutter/ios`)
  - flutter_forbidshot (from `.symlinks/plugins/flutter_forbidshot/ios`)
  - flutter_tencentplayer (from `.symlinks/plugins/flutter_tencentplayer/ios`)
  - path_provider (from `.symlinks/plugins/path_provider/ios`)
  - screen (from `.symlinks/plugins/screen/ios`)

SPEC REPOS:
  trunk:
    - TXLiteAVSDK_Player

EXTERNAL SOURCES:
  Flutter:
    :path: ".symlinks/flutter/ios"
  flutter_forbidshot:
    :path: ".symlinks/plugins/flutter_forbidshot/ios"
  flutter_tencentplayer:
    :path: ".symlinks/plugins/flutter_tencentplayer/ios"
  path_provider:
    :path: ".symlinks/plugins/path_provider/ios"
  screen:
    :path: ".symlinks/plugins/screen/ios"

SPEC CHECKSUMS:
  Flutter: 0e3d915762c693b495b44d77113d4970485de6ec
  flutter_forbidshot: feac5273065c5b7b6b57a9c6ec4936e3be473523
  flutter_tencentplayer: a2e2650df150941cc7f6a694f1f18bd53b983bcd
  path_provider: fb74bd0465e96b594bb3b5088ee4a4e7bb1f2a9d
  screen: abd91ca7bf3426e1cc3646d27e9b2358d6bf07b0
  TXLiteAVSDK_Player: a3799add98c6802e382972d98cc0e7bacb50984f

PODFILE CHECKSUM: 7fb83752f59ead6285236625b82473f90b1cb932

COCOAPODS: 1.8.4
